{
  "nodes": {
    "nixpkgs": {
      "locked": {
        "lastModified": 1763222530,
        "narHash": "sha256-muvs8ksUQxjix1rvm/ZFAAt+AD21OrzOoNnRacmOiSM=",
        "owner": "nixos",
        "repo": "nixpkgs",
        "rev": "c7ea8a217a526b2b8b7524548cda9491d880d3c0",
        "type": "github"
      },
      "original": {
        "owner": "nixos",
        "repo": "nixpkgs",
        "type": "github"
      }
    },
    "root": {
      "inputs": {
        "nixpkgs": "nixpkgs"
      }
    }
  },
  "root": "root",
  "version": 7
}
